// !$*UTF8*$!
{
	archiveVersion = 1;
	classes = {
	};
	objectVersion = 50;
	objects = {

/* Begin PBXBuildFile section */
		170D3DF120DFDB7A00075684 /* Utilisateur.swift in Sources */ = {isa = PBXBuildFile; fileRef = 170D3DF020DFDB7A00075684 /* Utilisateur.swift */; };
		170D3DF320E0229000075684 /* ImageRonde.swift in Sources */ = {isa = PBXBuildFile; fileRef = 170D3DF220E0229000075684 /* ImageRonde.swift */; };
		170D3DF520E0245100075684 /* ImageViewExtension.swift in Sources */ = {isa = PBXBuildFile; fileRef = 170D3DF420E0245100075684 /* ImageViewExtension.swift */; };
		1720FA5520D83A390029F5AF /* Refs.swift in Sources */ = {isa = PBXBuildFile; fileRef = 1720FA5420D83A390029F5AF /* Refs.swift */; };
		1728C85A20D4FCAF00185511 /* GoogleService-Info.plist in Resources */ = {isa = PBXBuildFile; fileRef = 1728C85920D4FCAE00185511 /* GoogleService-Info.plist */; };
		1759B64420D4478400440DE1 /* AppDelegate.swift in Sources */ = {isa = PBXBuildFile; fileRef = 1759B64320D4478400440DE1 /* AppDelegate.swift */; };
		1759B64920D4478400440DE1 /* Main.storyboard in Resources */ = {isa = PBXBuildFile; fileRef = 1759B64720D4478400440DE1 /* Main.storyboard */; };
		1759B64B20D4478600440DE1 /* Assets.xcassets in Resources */ = {isa = PBXBuildFile; fileRef = 1759B64A20D4478600440DE1 /* Assets.xcassets */; };
		1759B64E20D4478600440DE1 /* LaunchScreen.storyboard in Resources */ = {isa = PBXBuildFile; fileRef = 1759B64C20D4478600440DE1 /* LaunchScreen.storyboard */; };
		1788BA3720D51B5600737165 /* Alerte.swift in Sources */ = {isa = PBXBuildFile; fileRef = 1788BA3620D51B5600737165 /* Alerte.swift */; };
		1788BA3A20D5292000737165 /* FirebaseErreur.swift in Sources */ = {isa = PBXBuildFile; fileRef = 1788BA3920D5292000737165 /* FirebaseErreur.swift */; };
		1790DB8920D45E25008CFFA1 /* ConnectionController.swift in Sources */ = {isa = PBXBuildFile; fileRef = 1790DB8820D45E25008CFFA1 /* ConnectionController.swift */; };
		1790DB8B20D4615C008CFFA1 /* BoutonCodaBook.swift in Sources */ = {isa = PBXBuildFile; fileRef = 1790DB8A20D4615C008CFFA1 /* BoutonCodaBook.swift */; };
		1790DB8E20D461EB008CFFA1 /* Constantes.swift in Sources */ = {isa = PBXBuildFile; fileRef = 1790DB8D20D461EB008CFFA1 /* Constantes.swift */; };
		1790DB9020D4626D008CFFA1 /* LayerExtension.swift in Sources */ = {isa = PBXBuildFile; fileRef = 1790DB8F20D4626D008CFFA1 /* LayerExtension.swift */; };
		17A9BD5F20DE38E8004E4A75 /* FillController.swift in Sources */ = {isa = PBXBuildFile; fileRef = 17A9BD5E20DE38E8004E4A75 /* FillController.swift */; };
		17A9BD6120DE3908004E4A75 /* ProfilController.swift in Sources */ = {isa = PBXBuildFile; fileRef = 17A9BD6020DE3908004E4A75 /* ProfilController.swift */; };
		17A9BD6520DE39CA004E4A75 /* TabBar.swift in Sources */ = {isa = PBXBuildFile; fileRef = 17A9BD6420DE39CA004E4A75 /* TabBar.swift */; };
		430C5BDD9C07F2FE8E7C5A37 /* Pods_CodaBook.framework in Frameworks */ = {isa = PBXBuildFile; fileRef = 0F6B707A99CF7EE846E52249 /* Pods_CodaBook.framework */; };
/* End PBXBuildFile section */

/* Begin PBXFileReference section */
		0F6B707A99CF7EE846E52249 /* Pods_CodaBook.framework */ = {isa = PBXFileReference; explicitFileType = wrapper.framework; includeInIndex = 0; path = Pods_CodaBook.framework; sourceTree = BUILT_PRODUCTS_DIR; };
		170D3DF020DFDB7A00075684 /* Utilisateur.swift */ = {isa = PBXFileReference; lastKnownFileType = sourcecode.swift; path = Utilisateur.swift; sourceTree = "<group>"; };
		170D3DF220E0229000075684 /* ImageRonde.swift */ = {isa = PBXFileReference; lastKnownFileType = sourcecode.swift; path = ImageRonde.swift; sourceTree = "<group>"; };
		170D3DF420E0245100075684 /* ImageViewExtension.swift */ = {isa = PBXFileReference; lastKnownFileType = sourcecode.swift; path = ImageViewExtension.swift; sourceTree = "<group>"; };
		1720FA5420D83A390029F5AF /* Refs.swift */ = {isa = PBXFileReference; lastKnownFileType = sourcecode.swift; path = Refs.swift; sourceTree = "<group>"; };
		1728C85920D4FCAE00185511 /* GoogleService-Info.plist */ = {isa = PBXFileReference; fileEncoding = 4; lastKnownFileType = text.plist.xml; path = "GoogleService-Info.plist"; sourceTree = "<group>"; };
		1759B64020D4478400440DE1 /* CodaBook.app */ = {isa = PBXFileReference; explicitFileType = wrapper.application; includeInIndex = 0; path = CodaBook.app; sourceTree = BUILT_PRODUCTS_DIR; };
		1759B64320D4478400440DE1 /* AppDelegate.swift */ = {isa = PBXFileReference; lastKnownFileType = sourcecode.swift; path = AppDelegate.swift; sourceTree = "<group>"; };
		1759B64820D4478400440DE1 /* Base */ = {isa = PBXFileReference; lastKnownFileType = file.storyboard; name = Base; path = Base.lproj/Main.storyboard; sourceTree = "<group>"; };
		1759B64A20D4478600440DE1 /* Assets.xcassets */ = {isa = PBXFileReference; lastKnownFileType = folder.assetcatalog; path = Assets.xcassets; sourceTree = "<group>"; };
		1759B64D20D4478600440DE1 /* Base */ = {isa = PBXFileReference; lastKnownFileType = file.storyboard; name = Base; path = Base.lproj/LaunchScreen.storyboard; sourceTree = "<group>"; };
		1759B64F20D4478600440DE1 /* Info.plist */ = {isa = PBXFileReference; lastKnownFileType = text.plist.xml; path = Info.plist; sourceTree = "<group>"; };
		1788BA3620D51B5600737165 /* Alerte.swift */ = {isa = PBXFileReference; lastKnownFileType = sourcecode.swift; path = Alerte.swift; sourceTree = "<group>"; };
		1788BA3920D5292000737165 /* FirebaseErreur.swift */ = {isa = PBXFileReference; fileEncoding = 4; lastKnownFileType = sourcecode.swift; path = FirebaseErreur.swift; sourceTree = "<group>"; };
		1790DB8820D45E25008CFFA1 /* ConnectionController.swift */ = {isa = PBXFileReference; lastKnownFileType = sourcecode.swift; path = ConnectionController.swift; sourceTree = "<group>"; };
		1790DB8A20D4615C008CFFA1 /* BoutonCodaBook.swift */ = {isa = PBXFileReference; lastKnownFileType = sourcecode.swift; path = BoutonCodaBook.swift; sourceTree = "<group>"; };
		1790DB8D20D461EB008CFFA1 /* Constantes.swift */ = {isa = PBXFileReference; lastKnownFileType = sourcecode.swift; path = Constantes.swift; sourceTree = "<group>"; };
		1790DB8F20D4626D008CFFA1 /* LayerExtension.swift */ = {isa = PBXFileReference; lastKnownFileType = sourcecode.swift; path = LayerExtension.swift; sourceTree = "<group>"; };
		17A9BD5E20DE38E8004E4A75 /* FillController.swift */ = {isa = PBXFileReference; lastKnownFileType = sourcecode.swift; path = FillController.swift; sourceTree = "<group>"; };
		17A9BD6020DE3908004E4A75 /* ProfilController.swift */ = {isa = PBXFileReference; lastKnownFileType = sourcecode.swift; path = ProfilController.swift; sourceTree = "<group>"; };
		17A9BD6420DE39CA004E4A75 /* TabBar.swift */ = {isa = PBXFileReference; lastKnownFileType = sourcecode.swift; path = TabBar.swift; sourceTree = "<group>"; };
		9FA698AD8A46DBDFD5C68C9D /* Pods-CodaBook.debug.xcconfig */ = {isa = PBXFileReference; includeInIndex = 1; lastKnownFileType = text.xcconfig; name = "Pods-CodaBook.debug.xcconfig"; path = "Pods/Target Support Files/Pods-CodaBook/Pods-CodaBook.debug.xcconfig"; sourceTree = "<group>"; };
		FF7B5D74CD5C4B5BD84FC8CB /* Pods-CodaBook.release.xcconfig */ = {isa = PBXFileReference; includeInIndex = 1; lastKnownFileType = text.xcconfig; name = "Pods-CodaBook.release.xcconfig"; path = "Pods/Target Support Files/Pods-CodaBook/Pods-CodaBook.release.xcconfig"; sourceTree = "<group>"; };
/* End PBXFileReference section */

/* Begin PBXFrameworksBuildPhase section */
		1759B63D20D4478400440DE1 /* Frameworks */ = {
			isa = PBXFrameworksBuildPhase;
			buildActionMask = 2147483647;
			files = (
				430C5BDD9C07F2FE8E7C5A37 /* Pods_CodaBook.framework in Frameworks */,
			);
			runOnlyForDeploymentPostprocessing = 0;
		};
/* End PBXFrameworksBuildPhase section */

/* Begin PBXGroup section */
		1759B63720D4478400440DE1 = {
			isa = PBXGroup;
			children = (
				1759B64220D4478400440DE1 /* CodaBook */,
				1759B64120D4478400440DE1 /* Products */,
				816EEE0A4D2EB58B75E0E446 /* Pods */,
				8AE2566B0CF02D15149B327F /* Frameworks */,
			);
			sourceTree = "<group>";
		};
		1759B64120D4478400440DE1 /* Products */ = {
			isa = PBXGroup;
			children = (
				1759B64020D4478400440DE1 /* CodaBook.app */,
			);
			name = Products;
			sourceTree = "<group>";
		};
		1759B64220D4478400440DE1 /* CodaBook */ = {
			isa = PBXGroup;
			children = (
				1788BA3820D5290C00737165 /* MyFirebase */,
				1790DB8C20D461D6008CFFA1 /* Ressources */,
				1759B64320D4478400440DE1 /* AppDelegate.swift */,
				1759B65920D44B0500440DE1 /* Model */,
				1759B65820D44ADD00440DE1 /* View */,
				1759B65720D44AC100440DE1 /* Controller */,
				1759B65620D44A9900440DE1 /* StoryBoards */,
				1759B65520D44A5B00440DE1 /* Plists */,
				1759B64A20D4478600440DE1 /* Assets.xcassets */,
			);
			path = CodaBook;
			sourceTree = "<group>";
		};
		1759B65520D44A5B00440DE1 /* Plists */ = {
			isa = PBXGroup;
			children = (
				1728C85920D4FCAE00185511 /* GoogleService-Info.plist */,
				1759B64F20D4478600440DE1 /* Info.plist */,
			);
			path = Plists;
			sourceTree = "<group>";
		};
		1759B65620D44A9900440DE1 /* StoryBoards */ = {
			isa = PBXGroup;
			children = (
				1759B64720D4478400440DE1 /* Main.storyboard */,
				1759B64C20D4478600440DE1 /* LaunchScreen.storyboard */,
			);
			path = StoryBoards;
			sourceTree = "<group>";
		};
		1759B65720D44AC100440DE1 /* Controller */ = {
			isa = PBXGroup;
			children = (
				1790DB8820D45E25008CFFA1 /* ConnectionController.swift */,
				17A9BD5E20DE38E8004E4A75 /* FillController.swift */,
				17A9BD6020DE3908004E4A75 /* ProfilController.swift */,
				17A9BD6420DE39CA004E4A75 /* TabBar.swift */,
			);
			path = Controller;
			sourceTree = "<group>";
		};
		1759B65820D44ADD00440DE1 /* View */ = {
			isa = PBXGroup;
			children = (
				1790DB8A20D4615C008CFFA1 /* BoutonCodaBook.swift */,
				1790DB8F20D4626D008CFFA1 /* LayerExtension.swift */,
				170D3DF220E0229000075684 /* ImageRonde.swift */,
				170D3DF420E0245100075684 /* ImageViewExtension.swift */,
			);
			path = View;
			sourceTree = "<group>";
		};
		1759B65920D44B0500440DE1 /* Model */ = {
			isa = PBXGroup;
			children = (
				1788BA3620D51B5600737165 /* Alerte.swift */,
				170D3DF020DFDB7A00075684 /* Utilisateur.swift */,
			);
			path = Model;
			sourceTree = "<group>";
		};
		1788BA3820D5290C00737165 /* MyFirebase */ = {
			isa = PBXGroup;
			children = (
				1788BA3920D5292000737165 /* FirebaseErreur.swift */,
				1720FA5420D83A390029F5AF /* Refs.swift */,
			);
			path = MyFirebase;
			sourceTree = "<group>";
		};
		1790DB8C20D461D6008CFFA1 /* Ressources */ = {
			isa = PBXGroup;
			children = (
				1790DB8D20D461EB008CFFA1 /* Constantes.swift */,
			);
			path = Ressources;
			sourceTree = "<group>";
		};
		816EEE0A4D2EB58B75E0E446 /* Pods */ = {
			isa = PBXGroup;
			children = (
				9FA698AD8A46DBDFD5C68C9D /* Pods-CodaBook.debug.xcconfig */,
				FF7B5D74CD5C4B5BD84FC8CB /* Pods-CodaBook.release.xcconfig */,
			);
			name = Pods;
			sourceTree = "<group>";
		};
		8AE2566B0CF02D15149B327F /* Frameworks */ = {
			isa = PBXGroup;
			children = (
				0F6B707A99CF7EE846E52249 /* Pods_CodaBook.framework */,
			);
			name = Frameworks;
			sourceTree = "<group>";
		};
/* End PBXGroup section */

/* Begin PBXNativeTarget section */
		1759B63F20D4478400440DE1 /* CodaBook */ = {
			isa = PBXNativeTarget;
			buildConfigurationList = 1759B65220D4478600440DE1 /* Build configuration list for PBXNativeTarget "CodaBook" */;
			buildPhases = (
				47A95B924E6257152D280DBD /* [CP] Check Pods Manifest.lock */,
				1759B63C20D4478400440DE1 /* Sources */,
				1759B63D20D4478400440DE1 /* Frameworks */,
				1759B63E20D4478400440DE1 /* Resources */,
				FD859AB1042E7A19EB68F4D9 /* [CP] Embed Pods Frameworks */,
			);
			buildRules = (
			);
			dependencies = (
			);
			name = CodaBook;
			productName = CodaBook;
			productReference = 1759B64020D4478400440DE1 /* CodaBook.app */;
			productType = "com.apple.product-type.application";
		};
/* End PBXNativeTarget section */

/* Begin PBXProject section */
		1759B63820D4478400440DE1 /* Project object */ = {
			isa = PBXProject;
			attributes = {
				LastSwiftUpdateCheck = 0940;
				LastUpgradeCheck = 0940;
				ORGANIZATIONNAME = "Benoît Goossens";
				TargetAttributes = {
					1759B63F20D4478400440DE1 = {
						CreatedOnToolsVersion = 9.4.1;
					};
				};
			};
			buildConfigurationList = 1759B63B20D4478400440DE1 /* Build configuration list for PBXProject "CodaBook" */;
			compatibilityVersion = "Xcode 9.3";
			developmentRegion = en;
			hasScannedForEncodings = 0;
			knownRegions = (
				en,
				Base,
			);
			mainGroup = 1759B63720D4478400440DE1;
			productRefGroup = 1759B64120D4478400440DE1 /* Products */;
			projectDirPath = "";
			projectRoot = "";
			targets = (
				1759B63F20D4478400440DE1 /* CodaBook */,
			);
		};
/* End PBXProject section */

/* Begin PBXResourcesBuildPhase section */
		1759B63E20D4478400440DE1 /* Resources */ = {
			isa = PBXResourcesBuildPhase;
			buildActionMask = 2147483647;
			files = (
				1759B64E20D4478600440DE1 /* LaunchScreen.storyboard in Resources */,
				1728C85A20D4FCAF00185511 /* GoogleService-Info.plist in Resources */,
				1759B64B20D4478600440DE1 /* Assets.xcassets in Resources */,
				1759B64920D4478400440DE1 /* Main.storyboard in Resources */,
			);
			runOnlyForDeploymentPostprocessing = 0;
		};
/* End PBXResourcesBuildPhase section */

/* Begin PBXShellScriptBuildPhase section */
		47A95B924E6257152D280DBD /* [CP] Check Pods Manifest.lock */ = {
			isa = PBXShellScriptBuildPhase;
			buildActionMask = 2147483647;
			files = (
			);
			inputPaths = (
				"${PODS_PODFILE_DIR_PATH}/Podfile.lock",
				"${PODS_ROOT}/Manifest.lock",
			);
			name = "[CP] Check Pods Manifest.lock";
			outputPaths = (
				"$(DERIVED_FILE_DIR)/Pods-CodaBook-checkManifestLockResult.txt",
			);
			runOnlyForDeploymentPostprocessing = 0;
			shellPath = /bin/sh;
			shellScript = "diff \"${PODS_PODFILE_DIR_PATH}/Podfile.lock\" \"${PODS_ROOT}/Manifest.lock\" > /dev/null\nif [ $? != 0 ] ; then\n    # print error to STDERR\n    echo \"error: The sandbox is not in sync with the Podfile.lock. Run 'pod install' or update your CocoaPods installation.\" >&2\n    exit 1\nfi\n# This output is used by Xcode 'outputs' to avoid re-running this script phase.\necho \"SUCCESS\" > \"${SCRIPT_OUTPUT_FILE_0}\"\n";
			showEnvVarsInLog = 0;
		};
		FD859AB1042E7A19EB68F4D9 /* [CP] Embed Pods Frameworks */ = {
			isa = PBXShellScriptBuildPhase;
			buildActionMask = 2147483647;
			files = (
			);
			inputPaths = (
				"${SRCROOT}/Pods/Target Support Files/Pods-CodaBook/Pods-CodaBook-frameworks.sh",
				"${BUILT_PRODUCTS_DIR}/GTMSessionFetcher/GTMSessionFetcher.framework",
				"${BUILT_PRODUCTS_DIR}/GoogleToolboxForMac/GoogleToolboxForMac.framework",
				"${BUILT_PRODUCTS_DIR}/SDWebImage/SDWebImage.framework",
				"${BUILT_PRODUCTS_DIR}/leveldb-library/leveldb.framework",
				"${BUILT_PRODUCTS_DIR}/nanopb/nanopb.framework",
			);
			name = "[CP] Embed Pods Frameworks";
			outputPaths = (
				"${TARGET_BUILD_DIR}/${FRAMEWORKS_FOLDER_PATH}/GTMSessionFetcher.framework",
				"${TARGET_BUILD_DIR}/${FRAMEWORKS_FOLDER_PATH}/GoogleToolboxForMac.framework",
				"${TARGET_BUILD_DIR}/${FRAMEWORKS_FOLDER_PATH}/SDWebImage.framework",
				"${TARGET_BUILD_DIR}/${FRAMEWORKS_FOLDER_PATH}/leveldb.framework",
				"${TARGET_BUILD_DIR}/${FRAMEWORKS_FOLDER_PATH}/nanopb.framework",
			);
			runOnlyForDeploymentPostprocessing = 0;
			shellPath = /bin/sh;
			shellScript = "\"${SRCROOT}/Pods/Target Support Files/Pods-CodaBook/Pods-CodaBook-frameworks.sh\"\n";
			showEnvVarsInLog = 0;
		};
/* End PBXShellScriptBuildPhase section */

/* Begin PBXSourcesBuildPhase section */
		1759B63C20D4478400440DE1 /* Sources */ = {
			isa = PBXSourcesBuildPhase;
			buildActionMask = 2147483647;
			files = (
				17A9BD5F20DE38E8004E4A75 /* FillController.swift in Sources */,
				1788BA3A20D5292000737165 /* FirebaseErreur.swift in Sources */,
				1759B64420D4478400440DE1 /* AppDelegate.swift in Sources */,
				1790DB8E20D461EB008CFFA1 /* Constantes.swift in Sources */,
				1790DB8B20D4615C008CFFA1 /* BoutonCodaBook.swift in Sources */,
				170D3DF320E0229000075684 /* ImageRonde.swift in Sources */,
				17A9BD6120DE3908004E4A75 /* ProfilController.swift in Sources */,
				1790DB8920D45E25008CFFA1 /* ConnectionController.swift in Sources */,
				170D3DF520E0245100075684 /* ImageViewExtension.swift in Sources */,
				170D3DF120DFDB7A00075684 /* Utilisateur.swift in Sources */,
				1720FA5520D83A390029F5AF /* Refs.swift in Sources */,
				17A9BD6520DE39CA004E4A75 /* TabBar.swift in Sources */,
				1788BA3720D51B5600737165 /* Alerte.swift in Sources */,
				1790DB9020D4626D008CFFA1 /* LayerExtension.swift in Sources */,
			);
			runOnlyForDeploymentPostprocessing = 0;
		};
/* End PBXSourcesBuildPhase section */

/* Begin PBXVariantGroup section */
		1759B64720D4478400440DE1 /* Main.storyboard */ = {
			isa = PBXVariantGroup;
			children = (
				1759B64820D4478400440DE1 /* Base */,
			);
			name = Main.storyboard;
			sourceTree = "<group>";
		};
		1759B64C20D4478600440DE1 /* LaunchScreen.storyboard */ = {
			isa = PBXVariantGroup;
			children = (
				1759B64D20D4478600440DE1 /* Base */,
			);
			name = LaunchScreen.storyboard;
			sourceTree = "<group>";
		};
/* End PBXVariantGroup section */

/* Begin XCBuildConfiguration section */
		1759B65020D4478600440DE1 /* Debug */ = {
			isa = XCBuildConfiguration;
			buildSettings = {
				ALWAYS_SEARCH_USER_PATHS = NO;
				CLANG_ANALYZER_NONNULL = YES;
				CLANG_ANALYZER_NUMBER_OBJECT_CONVERSION = YES_AGGRESSIVE;
				CLANG_CXX_LANGUAGE_STANDARD = "gnu++14";
				CLANG_CXX_LIBRARY = "libc++";
				CLANG_ENABLE_MODULES = YES;
				CLANG_ENABLE_OBJC_ARC = YES;
				CLANG_ENABLE_OBJC_WEAK = YES;
				CLANG_WARN_BLOCK_CAPTURE_AUTORELEASING = YES;
				CLANG_WARN_BOOL_CONVERSION = YES;
				CLANG_WARN_COMMA = YES;
				CLANG_WARN_CONSTANT_CONVERSION = YES;
				CLANG_WARN_DEPRECATED_OBJC_IMPLEMENTATIONS = YES;
				CLANG_WARN_DIRECT_OBJC_ISA_USAGE = YES_ERROR;
				CLANG_WARN_DOCUMENTATION_COMMENTS = YES;
				CLANG_WARN_EMPTY_BODY = YES;
				CLANG_WARN_ENUM_CONVERSION = YES;
				CLANG_WARN_INFINITE_RECURSION = YES;
				CLANG_WARN_INT_CONVERSION = YES;
				CLANG_WARN_NON_LITERAL_NULL_CONVERSION = YES;
				CLANG_WARN_OBJC_IMPLICIT_RETAIN_SELF = YES;
				CLANG_WARN_OBJC_LITERAL_CONVERSION = YES;
				CLANG_WARN_OBJC_ROOT_CLASS = YES_ERROR;
				CLANG_WARN_RANGE_LOOP_ANALYSIS = YES;
				CLANG_WARN_STRICT_PROTOTYPES = YES;
				CLANG_WARN_SUSPICIOUS_MOVE = YES;
				CLANG_WARN_UNGUARDED_AVAILABILITY = YES_AGGRESSIVE;
				CLANG_WARN_UNREACHABLE_CODE = YES;
				CLANG_WARN__DUPLICATE_METHOD_MATCH = YES;
				CODE_SIGN_IDENTITY = "iPhone Developer";
				COPY_PHASE_STRIP = NO;
				DEBUG_INFORMATION_FORMAT = dwarf;
				ENABLE_STRICT_OBJC_MSGSEND = YES;
				ENABLE_TESTABILITY = YES;
				GCC_C_LANGUAGE_STANDARD = gnu11;
				GCC_DYNAMIC_NO_PIC = NO;
				GCC_NO_COMMON_BLOCKS = YES;
				GCC_OPTIMIZATION_LEVEL = 0;
				GCC_PREPROCESSOR_DEFINITIONS = (
					"DEBUG=1",
					"$(inherited)",
				);
				GCC_WARN_64_TO_32_BIT_CONVERSION = YES;
				GCC_WARN_ABOUT_RETURN_TYPE = YES_ERROR;
				GCC_WARN_UNDECLARED_SELECTOR = YES;
				GCC_WARN_UNINITIALIZED_AUTOS = YES_AGGRESSIVE;
				GCC_WARN_UNUSED_FUNCTION = YES;
				GCC_WARN_UNUSED_VARIABLE = YES;
				IPHONEOS_DEPLOYMENT_TARGET = 11.4;
				MTL_ENABLE_DEBUG_INFO = YES;
				ONLY_ACTIVE_ARCH = YES;
				SDKROOT = iphoneos;
				SWIFT_ACTIVE_COMPILATION_CONDITIONS = DEBUG;
				SWIFT_OPTIMIZATION_LEVEL = "-Onone";
			};
			name = Debug;
		};
		1759B65120D4478600440DE1 /* Release */ = {
			isa = XCBuildConfiguration;
			buildSettings = {
				ALWAYS_SEARCH_USER_PATHS = NO;
				CLANG_ANALYZER_NONNULL = YES;
				CLANG_ANALYZER_NUMBER_OBJECT_CONVERSION = YES_AGGRESSIVE;
				CLANG_CXX_LANGUAGE_STANDARD = "gnu++14";
				CLANG_CXX_LIBRARY = "libc++";
				CLANG_ENABLE_MODULES = YES;
				CLANG_ENABLE_OBJC_ARC = YES;
				CLANG_ENABLE_OBJC_WEAK = YES;
				CLANG_WARN_BLOCK_CAPTURE_AUTORELEASING = YES;
				CLANG_WARN_BOOL_CONVERSION = YES;
				CLANG_WARN_COMMA = YES;
				CLANG_WARN_CONSTANT_CONVERSION = YES;
				CLANG_WARN_DEPRECATED_OBJC_IMPLEMENTATIONS = YES;
				CLANG_WARN_DIRECT_OBJC_ISA_USAGE = YES_ERROR;
				CLANG_WARN_DOCUMENTATION_COMMENTS = YES;
				CLANG_WARN_EMPTY_BODY = YES;
				CLANG_WARN_ENUM_CONVERSION = YES;
				CLANG_WARN_INFINITE_RECURSION = YES;
				CLANG_WARN_INT_CONVERSION = YES;
				CLANG_WARN_NON_LITERAL_NULL_CONVERSION = YES;
				CLANG_WARN_OBJC_IMPLICIT_RETAIN_SELF = YES;
				CLANG_WARN_OBJC_LITERAL_CONVERSION = YES;
				CLANG_WARN_OBJC_ROOT_CLASS = YES_ERROR;
				CLANG_WARN_RANGE_LOOP_ANALYSIS = YES;
				CLANG_WARN_STRICT_PROTOTYPES = YES;
				CLANG_WARN_SUSPICIOUS_MOVE = YES;
				CLANG_WARN_UNGUARDED_AVAILABILITY = YES_AGGRESSIVE;
				CLANG_WARN_UNREACHABLE_CODE = YES;
				CLANG_WARN__DUPLICATE_METHOD_MATCH = YES;
				CODE_SIGN_IDENTITY = "iPhone Developer";
				COPY_PHASE_STRIP = NO;
				DEBUG_INFORMATION_FORMAT = "dwarf-with-dsym";
				ENABLE_NS_ASSERTIONS = NO;
				ENABLE_STRICT_OBJC_MSGSEND = YES;
				GCC_C_LANGUAGE_STANDARD = gnu11;
				GCC_NO_COMMON_BLOCKS = YES;
				GCC_WARN_64_TO_32_BIT_CONVERSION = YES;
				GCC_WARN_ABOUT_RETURN_TYPE = YES_ERROR;
				GCC_WARN_UNDECLARED_SELECTOR = YES;
				GCC_WARN_UNINITIALIZED_AUTOS = YES_AGGRESSIVE;
				GCC_WARN_UNUSED_FUNCTION = YES;
				GCC_WARN_UNUSED_VARIABLE = YES;
				IPHONEOS_DEPLOYMENT_TARGET = 11.4;
				MTL_ENABLE_DEBUG_INFO = NO;
				SDKROOT = iphoneos;
				SWIFT_COMPILATION_MODE = wholemodule;
				SWIFT_OPTIMIZATION_LEVEL = "-O";
				VALIDATE_PRODUCT = YES;
			};
			name = Release;
		};
		1759B65320D4478600440DE1 /* Debug */ = {
			isa = XCBuildConfiguration;
			baseConfigurationReference = 9FA698AD8A46DBDFD5C68C9D /* Pods-CodaBook.debug.xcconfig */;
			buildSettings = {
				ASSETCATALOG_COMPILER_APPICON_NAME = AppIcon;
				CODE_SIGN_STYLE = Automatic;
				DEVELOPMENT_TEAM = 454GYU24G4;
				INFOPLIST_FILE = "$(SRCROOT)/CodaBook/Plists/Info.plist";
				LD_RUNPATH_SEARCH_PATHS = (
					"$(inherited)",
					"@executable_path/Frameworks",
				);
				PRODUCT_BUNDLE_IDENTIFIER = Ben.CodaBook;
				PRODUCT_NAME = "$(TARGET_NAME)";
				SWIFT_VERSION = 4.0;
				TARGETED_DEVICE_FAMILY = "1,2";
			};
			name = Debug;
		};
		1759B65420D4478600440DE1 /* Release */ = {
			isa = XCBuildConfiguration;
			baseConfigurationReference = FF7B5D74CD5C4B5BD84FC8CB /* Pods-CodaBook.release.xcconfig */;
			buildSettings = {
				ASSETCATALOG_COMPILER_APPICON_NAME = AppIcon;
				CODE_SIGN_STYLE = Automatic;
				DEVELOPMENT_TEAM = 454GYU24G4;
				INFOPLIST_FILE = "$(SRCROOT)/CodaBook/Plists/Info.plist";
				LD_RUNPATH_SEARCH_PATHS = (
					"$(inherited)",
					"@executable_path/Frameworks",
				);
				PRODUCT_BUNDLE_IDENTIFIER = Ben.CodaBook;
				PRODUCT_NAME = "$(TARGET_NAME)";
				SWIFT_VERSION = 4.0;
				TARGETED_DEVICE_FAMILY = "1,2";
			};
			name = Release;
		};
/* End XCBuildConfiguration section */

/* Begin XCConfigurationList section */
		1759B63B20D4478400440DE1 /* Build configuration list for PBXProject "CodaBook" */ = {
			isa = XCConfigurationList;
			buildConfigurations = (
				1759B65020D4478600440DE1 /* Debug */,
				1759B65120D4478600440DE1 /* Release */,
			);
			defaultConfigurationIsVisible = 0;
			defaultConfigurationName = Release;
		};
		1759B65220D4478600440DE1 /* Build configuration list for PBXNativeTarget "CodaBook" */ = {
			isa = XCConfigurationList;
			buildConfigurations = (
				1759B65320D4478600440DE1 /* Debug */,
				1759B65420D4478600440DE1 /* Release */,
			);
			defaultConfigurationIsVisible = 0;
			defaultConfigurationName = Release;
		};
/* End XCConfigurationList section */
	};
	rootObject = 1759B63820D4478400440DE1 /* Project object */;
}
